// !$*UTF8*$!
{
	archiveVersion = 1;
	classes = {
	};
	objectVersion = 46;
	objects = {

/* Begin PBXBuildFile section */
		50B7B92F1C7F22D6007060CB /* NotificationCenter.framework in Frameworks */ = {isa = PBXBuildFile; fileRef = 50B7B92E1C7F22D6007060CB /* NotificationCenter.framework */; };
		50B7B9331C7F22D6007060CB /* TodayViewController.m in Sources */ = {isa = PBXBuildFile; fileRef = 50B7B9321C7F22D6007060CB /* TodayViewController.m */; };
		50B7B9361C7F22D6007060CB /* MainInterface.storyboard in Resources */ = {isa = PBXBuildFile; fileRef = 50B7B9341C7F22D6007060CB /* MainInterface.storyboard */; };
		50B7B93A1C7F22D6007060CB /* widget.appex in Embed App Extensions */ = {isa = PBXBuildFile; fileRef = 50B7B92D1C7F22D6007060CB /* widget.appex */; settings = {ATTRIBUTES = (RemoveHeadersOnCopy, ); }; };
		50B7B94E1C7F3CFC007060CB /* WorldClock.h in Headers */ = {isa = PBXBuildFile; fileRef = 50B7B94D1C7F3CFC007060CB /* WorldClock.h */; settings = {ATTRIBUTES = (Public, ); }; };
		50B7B9521C7F3CFC007060CB /* WorldClock.framework in Frameworks */ = {isa = PBXBuildFile; fileRef = 50B7B94B1C7F3CFC007060CB /* WorldClock.framework */; };
		50B7B9531C7F3CFC007060CB /* WorldClock.framework in Embed Frameworks */ = {isa = PBXBuildFile; fileRef = 50B7B94B1C7F3CFC007060CB /* WorldClock.framework */; settings = {ATTRIBUTES = (CodeSignOnCopy, RemoveHeadersOnCopy, ); }; };
		50B7B95A1C7F3D38007060CB /* WCController.m in Sources */ = {isa = PBXBuildFile; fileRef = 50B7B9401C7F2373007060CB /* WCController.m */; };
		50B7B95B1C7F3E3B007060CB /* geo.sqlite in Resources */ = {isa = PBXBuildFile; fileRef = AF81089C1C7CDC890065C422 /* geo.sqlite */; };
		50B7B95D1C7F3E6C007060CB /* WCCity.m in Sources */ = {isa = PBXBuildFile; fileRef = AF8108991C7CD4BA0065C422 /* WCCity.m */; };
		50B7B95E1C7F40A8007060CB /* WCCity.h in Headers */ = {isa = PBXBuildFile; fileRef = AF8108981C7CD4BA0065C422 /* WCCity.h */; settings = {ATTRIBUTES = (Public, ); }; };
		50B7B95F1C7F40A8007060CB /* WCController.h in Headers */ = {isa = PBXBuildFile; fileRef = 50B7B93F1C7F2373007060CB /* WCController.h */; settings = {ATTRIBUTES = (Public, ); }; };
		642C2B8DE5A0D3EBB92F8A1F /* Pods_WorldClock.framework in Frameworks */ = {isa = PBXBuildFile; fileRef = DA1ED33B70F6EA3C791E18F8 /* Pods_WorldClock.framework */; };
		AF6489631C7B8F06008D788E /* main.m in Sources */ = {isa = PBXBuildFile; fileRef = AF6489621C7B8F06008D788E /* main.m */; };
		AF6489661C7B8F06008D788E /* AppDelegate.m in Sources */ = {isa = PBXBuildFile; fileRef = AF6489651C7B8F06008D788E /* AppDelegate.m */; };
		AF6489691C7B8F06008D788E /* MasterViewController.m in Sources */ = {isa = PBXBuildFile; fileRef = AF6489681C7B8F06008D788E /* MasterViewController.m */; };
		AF64896C1C7B8F06008D788E /* DetailViewController.m in Sources */ = {isa = PBXBuildFile; fileRef = AF64896B1C7B8F06008D788E /* DetailViewController.m */; };
		AF64896F1C7B8F06008D788E /* Main.storyboard in Resources */ = {isa = PBXBuildFile; fileRef = AF64896D1C7B8F06008D788E /* Main.storyboard */; };
		AF6489711C7B8F06008D788E /* Assets.xcassets in Resources */ = {isa = PBXBuildFile; fileRef = AF6489701C7B8F06008D788E /* Assets.xcassets */; };
		AF6489741C7B8F06008D788E /* LaunchScreen.storyboard in Resources */ = {isa = PBXBuildFile; fileRef = AF6489721C7B8F06008D788E /* LaunchScreen.storyboard */; };
		AF6489861C7BBC19008D788E /* Interface.storyboard in Resources */ = {isa = PBXBuildFile; fileRef = AF6489841C7BBC19008D788E /* Interface.storyboard */; };
		AF6489881C7BBC19008D788E /* Assets.xcassets in Resources */ = {isa = PBXBuildFile; fileRef = AF6489871C7BBC19008D788E /* Assets.xcassets */; };
		AF64898F1C7BBC19008D788E /* watch-app Extension.appex in Embed App Extensions */ = {isa = PBXBuildFile; fileRef = AF64898E1C7BBC19008D788E /* watch-app Extension.appex */; settings = {ATTRIBUTES = (RemoveHeadersOnCopy, ); }; };
		AF6489971C7BBC19008D788E /* InterfaceController.m in Sources */ = {isa = PBXBuildFile; fileRef = AF6489961C7BBC19008D788E /* InterfaceController.m */; };
		AF64899A1C7BBC19008D788E /* ExtensionDelegate.m in Sources */ = {isa = PBXBuildFile; fileRef = AF6489991C7BBC19008D788E /* ExtensionDelegate.m */; };
		AF64899D1C7BBC19008D788E /* NotificationController.m in Sources */ = {isa = PBXBuildFile; fileRef = AF64899C1C7BBC19008D788E /* NotificationController.m */; };
		AF6489A01C7BBC19008D788E /* GlanceController.m in Sources */ = {isa = PBXBuildFile; fileRef = AF64899F1C7BBC19008D788E /* GlanceController.m */; };
		AF6489A31C7BBC19008D788E /* ComplicationController.m in Sources */ = {isa = PBXBuildFile; fileRef = AF6489A21C7BBC19008D788E /* ComplicationController.m */; };
		AF6489A51C7BBC19008D788E /* Assets.xcassets in Resources */ = {isa = PBXBuildFile; fileRef = AF6489A41C7BBC19008D788E /* Assets.xcassets */; };
		AF6489AA1C7BBC19008D788E /* watch-app.app in Embed Watch Content */ = {isa = PBXBuildFile; fileRef = AF6489821C7BBC19008D788E /* watch-app.app */; };
		AF81088B1C7CD1EB0065C422 /* WhirlyGlobeMaplyComponent.framework in Frameworks */ = {isa = PBXBuildFile; fileRef = AF81088A1C7CD1EB0065C422 /* WhirlyGlobeMaplyComponent.framework */; };
		AF81088D1C7CD22A0065C422 /* libxml2.tbd in Frameworks */ = {isa = PBXBuildFile; fileRef = AF81088C1C7CD22A0065C422 /* libxml2.tbd */; };
		AF81088F1C7CD2500065C422 /* libc++.tbd in Frameworks */ = {isa = PBXBuildFile; fileRef = AF81088E1C7CD2500065C422 /* libc++.tbd */; };
		AF8108911C7CD2770065C422 /* libz.tbd in Frameworks */ = {isa = PBXBuildFile; fileRef = AF8108901C7CD2770065C422 /* libz.tbd */; };
		AF8108931C7CD2840065C422 /* CoreLocation.framework in Frameworks */ = {isa = PBXBuildFile; fileRef = AF8108921C7CD2840065C422 /* CoreLocation.framework */; };
/* End PBXBuildFile section */

/* Begin PBXContainerItemProxy section */
		50B7B9381C7F22D6007060CB /* PBXContainerItemProxy */ = {
			isa = PBXContainerItemProxy;
			containerPortal = AF6489561C7B8F06008D788E /* Project object */;
			proxyType = 1;
			remoteGlobalIDString = 50B7B92C1C7F22D6007060CB;
			remoteInfo = widget;
		};
		50B7B9501C7F3CFC007060CB /* PBXContainerItemProxy */ = {
			isa = PBXContainerItemProxy;
			containerPortal = AF6489561C7B8F06008D788E /* Project object */;
			proxyType = 1;
			remoteGlobalIDString = 50B7B94A1C7F3CFC007060CB;
			remoteInfo = WorldClock;
		};
		AF6489901C7BBC19008D788E /* PBXContainerItemProxy */ = {
			isa = PBXContainerItemProxy;
			containerPortal = AF6489561C7B8F06008D788E /* Project object */;
			proxyType = 1;
			remoteGlobalIDString = AF64898D1C7BBC19008D788E;
			remoteInfo = "watch-app Extension";
		};
		AF6489A71C7BBC19008D788E /* PBXContainerItemProxy */ = {
			isa = PBXContainerItemProxy;
			containerPortal = AF6489561C7B8F06008D788E /* Project object */;
			proxyType = 1;
			remoteGlobalIDString = AF6489811C7BBC19008D788E;
			remoteInfo = "watch-app";
		};
/* End PBXContainerItemProxy section */

/* Begin PBXCopyFilesBuildPhase section */
		50B7B93E1C7F22D6007060CB /* Embed App Extensions */ = {
			isa = PBXCopyFilesBuildPhase;
			buildActionMask = 2147483647;
			dstPath = "";
			dstSubfolderSpec = 13;
			files = (
				50B7B93A1C7F22D6007060CB /* widget.appex in Embed App Extensions */,
			);
			name = "Embed App Extensions";
			runOnlyForDeploymentPostprocessing = 0;
		};
		50B7B9571C7F3CFD007060CB /* Embed Frameworks */ = {
			isa = PBXCopyFilesBuildPhase;
			buildActionMask = 2147483647;
			dstPath = "";
			dstSubfolderSpec = 10;
			files = (
				50B7B9531C7F3CFC007060CB /* WorldClock.framework in Embed Frameworks */,
			);
			name = "Embed Frameworks";
			runOnlyForDeploymentPostprocessing = 0;
		};
		AF6489A91C7BBC19008D788E /* Embed Watch Content */ = {
			isa = PBXCopyFilesBuildPhase;
			buildActionMask = 2147483647;
			dstPath = "$(CONTENTS_FOLDER_PATH)/Watch";
			dstSubfolderSpec = 16;
			files = (
				AF6489AA1C7BBC19008D788E /* watch-app.app in Embed Watch Content */,
			);
			name = "Embed Watch Content";
			runOnlyForDeploymentPostprocessing = 0;
		};
		AF6489AE1C7BBC19008D788E /* Embed App Extensions */ = {
			isa = PBXCopyFilesBuildPhase;
			buildActionMask = 2147483647;
			dstPath = "";
			dstSubfolderSpec = 13;
			files = (
				AF64898F1C7BBC19008D788E /* watch-app Extension.appex in Embed App Extensions */,
			);
			name = "Embed App Extensions";
			runOnlyForDeploymentPostprocessing = 0;
		};
/* End PBXCopyFilesBuildPhase section */

/* Begin PBXFileReference section */
		2B374404E33F56E6380AB16F /* Pods-WorldClock.release.xcconfig */ = {isa = PBXFileReference; includeInIndex = 1; lastKnownFileType = text.xcconfig; name = "Pods-WorldClock.release.xcconfig"; path = "Pods/Target Support Files/Pods-WorldClock/Pods-WorldClock.release.xcconfig"; sourceTree = "<group>"; };
		4CC1A0D7031333DAB805C021 /* Pods-widget.release.xcconfig */ = {isa = PBXFileReference; includeInIndex = 1; lastKnownFileType = text.xcconfig; name = "Pods-widget.release.xcconfig"; path = "Pods/Target Support Files/Pods-widget/Pods-widget.release.xcconfig"; sourceTree = "<group>"; };
		50B7B92D1C7F22D6007060CB /* widget.appex */ = {isa = PBXFileReference; explicitFileType = "wrapper.app-extension"; includeInIndex = 0; path = widget.appex; sourceTree = BUILT_PRODUCTS_DIR; };
		50B7B92E1C7F22D6007060CB /* NotificationCenter.framework */ = {isa = PBXFileReference; lastKnownFileType = wrapper.framework; name = NotificationCenter.framework; path = System/Library/Frameworks/NotificationCenter.framework; sourceTree = SDKROOT; };
		50B7B9311C7F22D6007060CB /* TodayViewController.h */ = {isa = PBXFileReference; lastKnownFileType = sourcecode.c.h; path = TodayViewController.h; sourceTree = "<group>"; };
		50B7B9321C7F22D6007060CB /* TodayViewController.m */ = {isa = PBXFileReference; lastKnownFileType = sourcecode.c.objc; path = TodayViewController.m; sourceTree = "<group>"; };
		50B7B9351C7F22D6007060CB /* Base */ = {isa = PBXFileReference; lastKnownFileType = file.storyboard; name = Base; path = Base.lproj/MainInterface.storyboard; sourceTree = "<group>"; };
		50B7B9371C7F22D6007060CB /* Info.plist */ = {isa = PBXFileReference; lastKnownFileType = text.plist.xml; path = Info.plist; sourceTree = "<group>"; };
		50B7B93F1C7F2373007060CB /* WCController.h */ = {isa = PBXFileReference; fileEncoding = 4; lastKnownFileType = sourcecode.c.h; path = WCController.h; sourceTree = "<group>"; };
		50B7B9401C7F2373007060CB /* WCController.m */ = {isa = PBXFileReference; fileEncoding = 4; lastKnownFileType = sourcecode.c.objc; path = WCController.m; sourceTree = "<group>"; };
		50B7B94B1C7F3CFC007060CB /* WorldClock.framework */ = {isa = PBXFileReference; explicitFileType = wrapper.framework; includeInIndex = 0; path = WorldClock.framework; sourceTree = BUILT_PRODUCTS_DIR; };
		50B7B94D1C7F3CFC007060CB /* WorldClock.h */ = {isa = PBXFileReference; lastKnownFileType = sourcecode.c.h; path = WorldClock.h; sourceTree = "<group>"; };
		50B7B94F1C7F3CFC007060CB /* Info.plist */ = {isa = PBXFileReference; lastKnownFileType = text.plist.xml; path = Info.plist; sourceTree = "<group>"; };
		6AB3B3B10FD24E022582D8CB /* Pods-widget.debug.xcconfig */ = {isa = PBXFileReference; includeInIndex = 1; lastKnownFileType = text.xcconfig; name = "Pods-widget.debug.xcconfig"; path = "Pods/Target Support Files/Pods-widget/Pods-widget.debug.xcconfig"; sourceTree = "<group>"; };
		87E35327D79051194971F6B3 /* Pods-420-world-clock.debug.xcconfig */ = {isa = PBXFileReference; includeInIndex = 1; lastKnownFileType = text.xcconfig; name = "Pods-420-world-clock.debug.xcconfig"; path = "Pods/Target Support Files/Pods-420-world-clock/Pods-420-world-clock.debug.xcconfig"; sourceTree = "<group>"; };
		AF64895E1C7B8F06008D788E /* 420-world-clock.app */ = {isa = PBXFileReference; explicitFileType = wrapper.application; includeInIndex = 0; path = "420-world-clock.app"; sourceTree = BUILT_PRODUCTS_DIR; };
		AF6489621C7B8F06008D788E /* main.m */ = {isa = PBXFileReference; lastKnownFileType = sourcecode.c.objc; path = main.m; sourceTree = "<group>"; };
		AF6489641C7B8F06008D788E /* AppDelegate.h */ = {isa = PBXFileReference; lastKnownFileType = sourcecode.c.h; name = AppDelegate.h; path = "420-world-clock/AppDelegate.h"; sourceTree = "<group>"; };
		AF6489651C7B8F06008D788E /* AppDelegate.m */ = {isa = PBXFileReference; lastKnownFileType = sourcecode.c.objc; name = AppDelegate.m; path = "420-world-clock/AppDelegate.m"; sourceTree = "<group>"; };
		AF6489671C7B8F06008D788E /* MasterViewController.h */ = {isa = PBXFileReference; lastKnownFileType = sourcecode.c.h; name = MasterViewController.h; path = "420-world-clock/MasterViewController.h"; sourceTree = "<group>"; };
		AF6489681C7B8F06008D788E /* MasterViewController.m */ = {isa = PBXFileReference; lastKnownFileType = sourcecode.c.objc; name = MasterViewController.m; path = "420-world-clock/MasterViewController.m"; sourceTree = "<group>"; };
		AF64896A1C7B8F06008D788E /* DetailViewController.h */ = {isa = PBXFileReference; lastKnownFileType = sourcecode.c.h; name = DetailViewController.h; path = "420-world-clock/DetailViewController.h"; sourceTree = "<group>"; };
		AF64896B1C7B8F06008D788E /* DetailViewController.m */ = {isa = PBXFileReference; lastKnownFileType = sourcecode.c.objc; name = DetailViewController.m; path = "420-world-clock/DetailViewController.m"; sourceTree = "<group>"; };
		AF64896E1C7B8F06008D788E /* Base */ = {isa = PBXFileReference; lastKnownFileType = file.storyboard; name = Base; path = Base.lproj/Main.storyboard; sourceTree = "<group>"; };
		AF6489701C7B8F06008D788E /* Assets.xcassets */ = {isa = PBXFileReference; lastKnownFileType = folder.assetcatalog; name = Assets.xcassets; path = "420-world-clock/Assets.xcassets"; sourceTree = "<group>"; };
		AF6489731C7B8F06008D788E /* Base */ = {isa = PBXFileReference; lastKnownFileType = file.storyboard; name = Base; path = Base.lproj/LaunchScreen.storyboard; sourceTree = "<group>"; };
		AF6489751C7B8F06008D788E /* Info.plist */ = {isa = PBXFileReference; lastKnownFileType = text.plist.xml; path = Info.plist; sourceTree = "<group>"; };
		AF6489821C7BBC19008D788E /* watch-app.app */ = {isa = PBXFileReference; explicitFileType = wrapper.application; includeInIndex = 0; path = "watch-app.app"; sourceTree = BUILT_PRODUCTS_DIR; };
		AF6489851C7BBC19008D788E /* Base */ = {isa = PBXFileReference; lastKnownFileType = file.storyboard; name = Base; path = Base.lproj/Interface.storyboard; sourceTree = "<group>"; };
		AF6489871C7BBC19008D788E /* Assets.xcassets */ = {isa = PBXFileReference; lastKnownFileType = folder.assetcatalog; path = Assets.xcassets; sourceTree = "<group>"; };
		AF6489891C7BBC19008D788E /* Info.plist */ = {isa = PBXFileReference; lastKnownFileType = text.plist.xml; path = Info.plist; sourceTree = "<group>"; };
		AF64898E1C7BBC19008D788E /* watch-app Extension.appex */ = {isa = PBXFileReference; explicitFileType = "wrapper.app-extension"; includeInIndex = 0; path = "watch-app Extension.appex"; sourceTree = BUILT_PRODUCTS_DIR; };
		AF6489941C7BBC19008D788E /* PushNotificationPayload.apns */ = {isa = PBXFileReference; lastKnownFileType = text; path = PushNotificationPayload.apns; sourceTree = "<group>"; };
		AF6489951C7BBC19008D788E /* InterfaceController.h */ = {isa = PBXFileReference; lastKnownFileType = sourcecode.c.h; path = InterfaceController.h; sourceTree = "<group>"; };
		AF6489961C7BBC19008D788E /* InterfaceController.m */ = {isa = PBXFileReference; lastKnownFileType = sourcecode.c.objc; path = InterfaceController.m; sourceTree = "<group>"; };
		AF6489981C7BBC19008D788E /* ExtensionDelegate.h */ = {isa = PBXFileReference; lastKnownFileType = sourcecode.c.h; path = ExtensionDelegate.h; sourceTree = "<group>"; };
		AF6489991C7BBC19008D788E /* ExtensionDelegate.m */ = {isa = PBXFileReference; lastKnownFileType = sourcecode.c.objc; path = ExtensionDelegate.m; sourceTree = "<group>"; };
		AF64899B1C7BBC19008D788E /* NotificationController.h */ = {isa = PBXFileReference; lastKnownFileType = sourcecode.c.h; path = NotificationController.h; sourceTree = "<group>"; };
		AF64899C1C7BBC19008D788E /* NotificationController.m */ = {isa = PBXFileReference; lastKnownFileType = sourcecode.c.objc; path = NotificationController.m; sourceTree = "<group>"; };
		AF64899E1C7BBC19008D788E /* GlanceController.h */ = {isa = PBXFileReference; lastKnownFileType = sourcecode.c.h; path = GlanceController.h; sourceTree = "<group>"; };
		AF64899F1C7BBC19008D788E /* GlanceController.m */ = {isa = PBXFileReference; lastKnownFileType = sourcecode.c.objc; path = GlanceController.m; sourceTree = "<group>"; };
		AF6489A11C7BBC19008D788E /* ComplicationController.h */ = {isa = PBXFileReference; lastKnownFileType = sourcecode.c.h; path = ComplicationController.h; sourceTree = "<group>"; };
		AF6489A21C7BBC19008D788E /* ComplicationController.m */ = {isa = PBXFileReference; lastKnownFileType = sourcecode.c.objc; path = ComplicationController.m; sourceTree = "<group>"; };
		AF6489A41C7BBC19008D788E /* Assets.xcassets */ = {isa = PBXFileReference; lastKnownFileType = folder.assetcatalog; path = Assets.xcassets; sourceTree = "<group>"; };
		AF6489A61C7BBC19008D788E /* Info.plist */ = {isa = PBXFileReference; lastKnownFileType = text.plist.xml; path = Info.plist; sourceTree = "<group>"; };
		AF81088A1C7CD1EB0065C422 /* WhirlyGlobeMaplyComponent.framework */ = {isa = PBXFileReference; lastKnownFileType = wrapper.framework; path = WhirlyGlobeMaplyComponent.framework; sourceTree = "<group>"; };
		AF81088C1C7CD22A0065C422 /* libxml2.tbd */ = {isa = PBXFileReference; lastKnownFileType = "sourcecode.text-based-dylib-definition"; name = libxml2.tbd; path = usr/lib/libxml2.tbd; sourceTree = SDKROOT; };
		AF81088E1C7CD2500065C422 /* libc++.tbd */ = {isa = PBXFileReference; lastKnownFileType = "sourcecode.text-based-dylib-definition"; name = "libc++.tbd"; path = "usr/lib/libc++.tbd"; sourceTree = SDKROOT; };
		AF8108901C7CD2770065C422 /* libz.tbd */ = {isa = PBXFileReference; lastKnownFileType = "sourcecode.text-based-dylib-definition"; name = libz.tbd; path = usr/lib/libz.tbd; sourceTree = SDKROOT; };
		AF8108921C7CD2840065C422 /* CoreLocation.framework */ = {isa = PBXFileReference; lastKnownFileType = wrapper.framework; name = CoreLocation.framework; path = System/Library/Frameworks/CoreLocation.framework; sourceTree = SDKROOT; };
		AF8108981C7CD4BA0065C422 /* WCCity.h */ = {isa = PBXFileReference; fileEncoding = 4; lastKnownFileType = sourcecode.c.h; name = WCCity.h; path = "420-world-clock/WCCity.h"; sourceTree = "<group>"; };
		AF8108991C7CD4BA0065C422 /* WCCity.m */ = {isa = PBXFileReference; fileEncoding = 4; lastKnownFileType = sourcecode.c.objc; name = WCCity.m; path = "420-world-clock/WCCity.m"; sourceTree = "<group>"; };
		AF81089C1C7CDC890065C422 /* geo.sqlite */ = {isa = PBXFileReference; lastKnownFileType = file; path = geo.sqlite; sourceTree = "<group>"; };
		C8B401EB79CF4743D95C7265 /* Pods-watch-app Extension.release.xcconfig */ = {isa = PBXFileReference; includeInIndex = 1; lastKnownFileType = text.xcconfig; name = "Pods-watch-app Extension.release.xcconfig"; path = "Pods/Target Support Files/Pods-watch-app Extension/Pods-watch-app Extension.release.xcconfig"; sourceTree = "<group>"; };
		D75563342A273E5B24E43FC7 /* Pods-WorldClock.debug.xcconfig */ = {isa = PBXFileReference; includeInIndex = 1; lastKnownFileType = text.xcconfig; name = "Pods-WorldClock.debug.xcconfig"; path = "Pods/Target Support Files/Pods-WorldClock/Pods-WorldClock.debug.xcconfig"; sourceTree = "<group>"; };
		DA1ED33B70F6EA3C791E18F8 /* Pods_WorldClock.framework */ = {isa = PBXFileReference; explicitFileType = wrapper.framework; includeInIndex = 0; path = Pods_WorldClock.framework; sourceTree = BUILT_PRODUCTS_DIR; };
		DB1F93734E8BBADF5D22DD8A /* Pods-watch-app Extension.debug.xcconfig */ = {isa = PBXFileReference; includeInIndex = 1; lastKnownFileType = text.xcconfig; name = "Pods-watch-app Extension.debug.xcconfig"; path = "Pods/Target Support Files/Pods-watch-app Extension/Pods-watch-app Extension.debug.xcconfig"; sourceTree = "<group>"; };
		FA4AF647E485D50E682C5079 /* Pods-420-world-clock.release.xcconfig */ = {isa = PBXFileReference; includeInIndex = 1; lastKnownFileType = text.xcconfig; name = "Pods-420-world-clock.release.xcconfig"; path = "Pods/Target Support Files/Pods-420-world-clock/Pods-420-world-clock.release.xcconfig"; sourceTree = "<group>"; };
/* End PBXFileReference section */

/* Begin PBXFrameworksBuildPhase section */
		50B7B92A1C7F22D6007060CB /* Frameworks */ = {
			isa = PBXFrameworksBuildPhase;
			buildActionMask = 2147483647;
			files = (
				50B7B92F1C7F22D6007060CB /* NotificationCenter.framework in Frameworks */,
			);
			runOnlyForDeploymentPostprocessing = 0;
		};
		50B7B9471C7F3CFC007060CB /* Frameworks */ = {
			isa = PBXFrameworksBuildPhase;
			buildActionMask = 2147483647;
			files = (
				642C2B8DE5A0D3EBB92F8A1F /* Pods_WorldClock.framework in Frameworks */,
			);
			runOnlyForDeploymentPostprocessing = 0;
		};
		AF64895B1C7B8F06008D788E /* Frameworks */ = {
			isa = PBXFrameworksBuildPhase;
			buildActionMask = 2147483647;
			files = (
				AF8108931C7CD2840065C422 /* CoreLocation.framework in Frameworks */,
				AF8108911C7CD2770065C422 /* libz.tbd in Frameworks */,
				AF81088F1C7CD2500065C422 /* libc++.tbd in Frameworks */,
				AF81088D1C7CD22A0065C422 /* libxml2.tbd in Frameworks */,
				AF81088B1C7CD1EB0065C422 /* WhirlyGlobeMaplyComponent.framework in Frameworks */,
				50B7B9521C7F3CFC007060CB /* WorldClock.framework in Frameworks */,
			);
			runOnlyForDeploymentPostprocessing = 0;
		};
		AF64898B1C7BBC19008D788E /* Frameworks */ = {
			isa = PBXFrameworksBuildPhase;
			buildActionMask = 2147483647;
			files = (
			);
			runOnlyForDeploymentPostprocessing = 0;
		};
/* End PBXFrameworksBuildPhase section */

/* Begin PBXGroup section */
		50B7B9281C7F1E3F007060CB /* Controllers */ = {
			isa = PBXGroup;
			children = (
				50B7B93F1C7F2373007060CB /* WCController.h */,
				50B7B9401C7F2373007060CB /* WCController.m */,
			);
			name = Controllers;
			path = ..;
			sourceTree = "<group>";
		};
		50B7B9301C7F22D6007060CB /* widget */ = {
			isa = PBXGroup;
			children = (
				50B7B9311C7F22D6007060CB /* TodayViewController.h */,
				50B7B9321C7F22D6007060CB /* TodayViewController.m */,
				50B7B9341C7F22D6007060CB /* MainInterface.storyboard */,
				50B7B9371C7F22D6007060CB /* Info.plist */,
			);
			path = widget;
			sourceTree = "<group>";
		};
		50B7B94C1C7F3CFC007060CB /* WorldClock Framework */ = {
			isa = PBXGroup;
			children = (
				AF64897B1C7BA109008D788E /* Resources */,
				AF8108941C7CD4590065C422 /* Models */,
				50B7B9281C7F1E3F007060CB /* Controllers */,
				50B7B94D1C7F3CFC007060CB /* WorldClock.h */,
				50B7B94F1C7F3CFC007060CB /* Info.plist */,
			);
			name = "WorldClock Framework";
			path = WorldClock;
			sourceTree = "<group>";
		};
		50B7B9601C7F42AE007060CB /* ios-app */ = {
			isa = PBXGroup;
			children = (
				AF6489B31C7BBC90008D788E /* UI */,
				AF6489B21C7BBC88008D788E /* App Delegate */,
				AF6489611C7B8F06008D788E /* Supporting Files */,
			);
			name = "ios-app";
			sourceTree = "<group>";
		};
		6D4C44B51CB397925D832ADC /* Pods */ = {
			isa = PBXGroup;
			children = (
				87E35327D79051194971F6B3 /* Pods-420-world-clock.debug.xcconfig */,
				FA4AF647E485D50E682C5079 /* Pods-420-world-clock.release.xcconfig */,
				DB1F93734E8BBADF5D22DD8A /* Pods-watch-app Extension.debug.xcconfig */,
				C8B401EB79CF4743D95C7265 /* Pods-watch-app Extension.release.xcconfig */,
				6AB3B3B10FD24E022582D8CB /* Pods-widget.debug.xcconfig */,
				4CC1A0D7031333DAB805C021 /* Pods-widget.release.xcconfig */,
				D75563342A273E5B24E43FC7 /* Pods-WorldClock.debug.xcconfig */,
				2B374404E33F56E6380AB16F /* Pods-WorldClock.release.xcconfig */,
			);
			name = Pods;
			sourceTree = "<group>";
		};
		91F908DAD0F1DE80C108357F /* Frameworks */ = {
			isa = PBXGroup;
			children = (
				AF8108921C7CD2840065C422 /* CoreLocation.framework */,
				AF8108901C7CD2770065C422 /* libz.tbd */,
				AF81088E1C7CD2500065C422 /* libc++.tbd */,
				AF81088C1C7CD22A0065C422 /* libxml2.tbd */,
				AF81088A1C7CD1EB0065C422 /* WhirlyGlobeMaplyComponent.framework */,
				50B7B92E1C7F22D6007060CB /* NotificationCenter.framework */,
				DA1ED33B70F6EA3C791E18F8 /* Pods_WorldClock.framework */,
			);
			name = Frameworks;
			sourceTree = "<group>";
		};
		AF6489551C7B8F06008D788E = {
			isa = PBXGroup;
			children = (
				50B7B9601C7F42AE007060CB /* ios-app */,
				AF6489831C7BBC19008D788E /* watch-app */,
				50B7B9301C7F22D6007060CB /* widget */,
				50B7B94C1C7F3CFC007060CB /* WorldClock Framework */,
				AF64895F1C7B8F06008D788E /* Products */,
				6D4C44B51CB397925D832ADC /* Pods */,
				91F908DAD0F1DE80C108357F /* Frameworks */,
			);
			sourceTree = "<group>";
		};
		AF64895F1C7B8F06008D788E /* Products */ = {
			isa = PBXGroup;
			children = (
				AF64895E1C7B8F06008D788E /* 420-world-clock.app */,
				AF6489821C7BBC19008D788E /* watch-app.app */,
				AF64898E1C7BBC19008D788E /* watch-app Extension.appex */,
				50B7B92D1C7F22D6007060CB /* widget.appex */,
				50B7B94B1C7F3CFC007060CB /* WorldClock.framework */,
			);
			name = Products;
			sourceTree = "<group>";
		};
		AF6489611C7B8F06008D788E /* Supporting Files */ = {
			isa = PBXGroup;
			children = (
				AF6489751C7B8F06008D788E /* Info.plist */,
				AF6489621C7B8F06008D788E /* main.m */,
			);
			name = "Supporting Files";
			path = "420-world-clock";
			sourceTree = "<group>";
		};
		AF64897B1C7BA109008D788E /* Resources */ = {
			isa = PBXGroup;
			children = (
				AF81089C1C7CDC890065C422 /* geo.sqlite */,
			);
			name = Resources;
			path = ..;
			sourceTree = "<group>";
		};
		AF6489831C7BBC19008D788E /* watch-app */ = {
			isa = PBXGroup;
			children = (
				AF6489921C7BBC19008D788E /* watch-app Extension */,
				AF6489841C7BBC19008D788E /* Interface.storyboard */,
				AF6489871C7BBC19008D788E /* Assets.xcassets */,
				AF6489891C7BBC19008D788E /* Info.plist */,
			);
			path = "watch-app";
			sourceTree = "<group>";
		};
		AF6489921C7BBC19008D788E /* watch-app Extension */ = {
			isa = PBXGroup;
			children = (
				AF6489951C7BBC19008D788E /* InterfaceController.h */,
				AF6489961C7BBC19008D788E /* InterfaceController.m */,
				AF6489981C7BBC19008D788E /* ExtensionDelegate.h */,
				AF6489991C7BBC19008D788E /* ExtensionDelegate.m */,
				AF64899B1C7BBC19008D788E /* NotificationController.h */,
				AF64899C1C7BBC19008D788E /* NotificationController.m */,
				AF64899E1C7BBC19008D788E /* GlanceController.h */,
				AF64899F1C7BBC19008D788E /* GlanceController.m */,
				AF6489A11C7BBC19008D788E /* ComplicationController.h */,
				AF6489A21C7BBC19008D788E /* ComplicationController.m */,
				AF6489A41C7BBC19008D788E /* Assets.xcassets */,
				AF6489A61C7BBC19008D788E /* Info.plist */,
				AF6489931C7BBC19008D788E /* Supporting Files */,
			);
			path = "watch-app Extension";
			sourceTree = SOURCE_ROOT;
		};
		AF6489931C7BBC19008D788E /* Supporting Files */ = {
			isa = PBXGroup;
			children = (
				AF6489941C7BBC19008D788E /* PushNotificationPayload.apns */,
			);
			name = "Supporting Files";
			sourceTree = "<group>";
		};
		AF6489B21C7BBC88008D788E /* App Delegate */ = {
			isa = PBXGroup;
			children = (
				AF6489641C7B8F06008D788E /* AppDelegate.h */,
				AF6489651C7B8F06008D788E /* AppDelegate.m */,
			);
			name = "App Delegate";
			sourceTree = "<group>";
		};
		AF6489B31C7BBC90008D788E /* UI */ = {
			isa = PBXGroup;
			children = (
				AF6489B61C7BBCB1008D788E /* Assets */,
				AF6489B51C7BBCAA008D788E /* Storyboards */,
				AF6489B41C7BBCA5008D788E /* View Controllers */,
			);
			name = UI;
			sourceTree = "<group>";
		};
		AF6489B41C7BBCA5008D788E /* View Controllers */ = {
			isa = PBXGroup;
			children = (
				AF6489671C7B8F06008D788E /* MasterViewController.h */,
				AF6489681C7B8F06008D788E /* MasterViewController.m */,
				AF64896A1C7B8F06008D788E /* DetailViewController.h */,
				AF64896B1C7B8F06008D788E /* DetailViewController.m */,
			);
			name = "View Controllers";
			sourceTree = "<group>";
		};
		AF6489B51C7BBCAA008D788E /* Storyboards */ = {
			isa = PBXGroup;
			children = (
				AF64896D1C7B8F06008D788E /* Main.storyboard */,
				AF6489721C7B8F06008D788E /* LaunchScreen.storyboard */,
			);
			name = Storyboards;
			sourceTree = "<group>";
		};
		AF6489B61C7BBCB1008D788E /* Assets */ = {
			isa = PBXGroup;
			children = (
				AF6489701C7B8F06008D788E /* Assets.xcassets */,
			);
			name = Assets;
			sourceTree = "<group>";
		};
		AF8108941C7CD4590065C422 /* Models */ = {
			isa = PBXGroup;
			children = (
				AF8108981C7CD4BA0065C422 /* WCCity.h */,
				AF8108991C7CD4BA0065C422 /* WCCity.m */,
			);
			name = Models;
			path = ..;
			sourceTree = "<group>";
		};
/* End PBXGroup section */

/* Begin PBXHeadersBuildPhase section */
		50B7B9481C7F3CFC007060CB /* Headers */ = {
			isa = PBXHeadersBuildPhase;
			buildActionMask = 2147483647;
			files = (
				50B7B94E1C7F3CFC007060CB /* WorldClock.h in Headers */,
				50B7B95E1C7F40A8007060CB /* WCCity.h in Headers */,
				50B7B95F1C7F40A8007060CB /* WCController.h in Headers */,
			);
			runOnlyForDeploymentPostprocessing = 0;
		};
/* End PBXHeadersBuildPhase section */

/* Begin PBXNativeTarget section */
		50B7B92C1C7F22D6007060CB /* widget */ = {
			isa = PBXNativeTarget;
			buildConfigurationList = 50B7B93B1C7F22D6007060CB /* Build configuration list for PBXNativeTarget "widget" */;
			buildPhases = (
				50B7B9291C7F22D6007060CB /* Sources */,
				50B7B92A1C7F22D6007060CB /* Frameworks */,
				50B7B92B1C7F22D6007060CB /* Resources */,
			);
			buildRules = (
			);
			dependencies = (
			);
			name = widget;
			productName = widget;
			productReference = 50B7B92D1C7F22D6007060CB /* widget.appex */;
			productType = "com.apple.product-type.app-extension";
		};
		50B7B94A1C7F3CFC007060CB /* WorldClock */ = {
			isa = PBXNativeTarget;
			buildConfigurationList = 50B7B9541C7F3CFD007060CB /* Build configuration list for PBXNativeTarget "WorldClock" */;
			buildPhases = (
				5BCFFCE284DE2DF901BC6EFB /* Check Pods Manifest.lock */,
				50B7B9461C7F3CFC007060CB /* Sources */,
				50B7B9471C7F3CFC007060CB /* Frameworks */,
				50B7B9481C7F3CFC007060CB /* Headers */,
				50B7B9491C7F3CFC007060CB /* Resources */,
				F5F338C4BECA601BD4D54FB0 /* Copy Pods Resources */,
			);
			buildRules = (
			);
			dependencies = (
			);
			name = WorldClock;
			productName = WorldClock;
			productReference = 50B7B94B1C7F3CFC007060CB /* WorldClock.framework */;
			productType = "com.apple.product-type.framework";
		};
		AF64895D1C7B8F06008D788E /* 420-world-clock */ = {
			isa = PBXNativeTarget;
			buildConfigurationList = AF6489781C7B8F06008D788E /* Build configuration list for PBXNativeTarget "420-world-clock" */;
			buildPhases = (
				AF64895A1C7B8F06008D788E /* Sources */,
				AF64895B1C7B8F06008D788E /* Frameworks */,
				AF64895C1C7B8F06008D788E /* Resources */,
				AF6489A91C7BBC19008D788E /* Embed Watch Content */,
				50B7B93E1C7F22D6007060CB /* Embed App Extensions */,
				50B7B9571C7F3CFD007060CB /* Embed Frameworks */,
			);
			buildRules = (
			);
			dependencies = (
				AF6489A81C7BBC19008D788E /* PBXTargetDependency */,
				50B7B9391C7F22D6007060CB /* PBXTargetDependency */,
				50B7B9511C7F3CFC007060CB /* PBXTargetDependency */,
			);
			name = "420-world-clock";
			productName = "420-world-clock";
			productReference = AF64895E1C7B8F06008D788E /* 420-world-clock.app */;
			productType = "com.apple.product-type.application";
		};
		AF6489811C7BBC19008D788E /* watch-app */ = {
			isa = PBXNativeTarget;
			buildConfigurationList = AF6489AF1C7BBC19008D788E /* Build configuration list for PBXNativeTarget "watch-app" */;
			buildPhases = (
				AF6489801C7BBC19008D788E /* Resources */,
				AF6489AE1C7BBC19008D788E /* Embed App Extensions */,
			);
			buildRules = (
			);
			dependencies = (
				AF6489911C7BBC19008D788E /* PBXTargetDependency */,
			);
			name = "watch-app";
			productName = "watch-app";
			productReference = AF6489821C7BBC19008D788E /* watch-app.app */;
			productType = "com.apple.product-type.application.watchapp2";
		};
		AF64898D1C7BBC19008D788E /* watch-app Extension */ = {
			isa = PBXNativeTarget;
			buildConfigurationList = AF6489AB1C7BBC19008D788E /* Build configuration list for PBXNativeTarget "watch-app Extension" */;
			buildPhases = (
				AF64898A1C7BBC19008D788E /* Sources */,
				AF64898B1C7BBC19008D788E /* Frameworks */,
				AF64898C1C7BBC19008D788E /* Resources */,
			);
			buildRules = (
			);
			dependencies = (
			);
			name = "watch-app Extension";
			productName = "watch-app Extension";
			productReference = AF64898E1C7BBC19008D788E /* watch-app Extension.appex */;
			productType = "com.apple.product-type.watchkit2-extension";
		};
/* End PBXNativeTarget section */

/* Begin PBXProject section */
		AF6489561C7B8F06008D788E /* Project object */ = {
			isa = PBXProject;
			attributes = {
				LastUpgradeCheck = 0720;
				ORGANIZATIONNAME = peres;
				TargetAttributes = {
					50B7B92C1C7F22D6007060CB = {
						CreatedOnToolsVersion = 7.2.1;
					};
					50B7B94A1C7F3CFC007060CB = {
						CreatedOnToolsVersion = 7.2.1;
					};
					AF64895D1C7B8F06008D788E = {
						CreatedOnToolsVersion = 7.2.1;
					};
					AF6489811C7BBC19008D788E = {
						CreatedOnToolsVersion = 7.2.1;
					};
					AF64898D1C7BBC19008D788E = {
						CreatedOnToolsVersion = 7.2.1;
					};
				};
			};
			buildConfigurationList = AF6489591C7B8F06008D788E /* Build configuration list for PBXProject "420-world-clock" */;
			compatibilityVersion = "Xcode 3.2";
			developmentRegion = English;
			hasScannedForEncodings = 0;
			knownRegions = (
				en,
				Base,
			);
			mainGroup = AF6489551C7B8F06008D788E;
			productRefGroup = AF64895F1C7B8F06008D788E /* Products */;
			projectDirPath = "";
			projectRoot = "";
			targets = (
				AF64895D1C7B8F06008D788E /* 420-world-clock */,
				AF6489811C7BBC19008D788E /* watch-app */,
				AF64898D1C7BBC19008D788E /* watch-app Extension */,
				50B7B92C1C7F22D6007060CB /* widget */,
				50B7B94A1C7F3CFC007060CB /* WorldClock */,
			);
		};
/* End PBXProject section */

/* Begin PBXResourcesBuildPhase section */
		50B7B92B1C7F22D6007060CB /* Resources */ = {
			isa = PBXResourcesBuildPhase;
			buildActionMask = 2147483647;
			files = (
				50B7B9361C7F22D6007060CB /* MainInterface.storyboard in Resources */,
			);
			runOnlyForDeploymentPostprocessing = 0;
		};
		50B7B9491C7F3CFC007060CB /* Resources */ = {
			isa = PBXResourcesBuildPhase;
			buildActionMask = 2147483647;
			files = (
				50B7B95B1C7F3E3B007060CB /* geo.sqlite in Resources */,
			);
			runOnlyForDeploymentPostprocessing = 0;
		};
		AF64895C1C7B8F06008D788E /* Resources */ = {
			isa = PBXResourcesBuildPhase;
			buildActionMask = 2147483647;
			files = (
				AF6489741C7B8F06008D788E /* LaunchScreen.storyboard in Resources */,
				AF6489711C7B8F06008D788E /* Assets.xcassets in Resources */,
				AF64896F1C7B8F06008D788E /* Main.storyboard in Resources */,
			);
			runOnlyForDeploymentPostprocessing = 0;
		};
		AF6489801C7BBC19008D788E /* Resources */ = {
			isa = PBXResourcesBuildPhase;
			buildActionMask = 2147483647;
			files = (
				AF6489881C7BBC19008D788E /* Assets.xcassets in Resources */,
				AF6489861C7BBC19008D788E /* Interface.storyboard in Resources */,
			);
			runOnlyForDeploymentPostprocessing = 0;
		};
		AF64898C1C7BBC19008D788E /* Resources */ = {
			isa = PBXResourcesBuildPhase;
			buildActionMask = 2147483647;
			files = (
				AF6489A51C7BBC19008D788E /* Assets.xcassets in Resources */,
			);
			runOnlyForDeploymentPostprocessing = 0;
		};
/* End PBXResourcesBuildPhase section */

/* Begin PBXShellScriptBuildPhase section */
		5BCFFCE284DE2DF901BC6EFB /* Check Pods Manifest.lock */ = {
			isa = PBXShellScriptBuildPhase;
			buildActionMask = 2147483647;
			files = (
			);
			inputPaths = (
			);
			name = "Check Pods Manifest.lock";
			outputPaths = (
			);
			runOnlyForDeploymentPostprocessing = 0;
			shellPath = /bin/sh;
			shellScript = "diff \"${PODS_ROOT}/../Podfile.lock\" \"${PODS_ROOT}/Manifest.lock\" > /dev/null\nif [[ $? != 0 ]] ; then\n    cat << EOM\nerror: The sandbox is not in sync with the Podfile.lock. Run 'pod install' or update your CocoaPods installation.\nEOM\n    exit 1\nfi\n";
			showEnvVarsInLog = 0;
		};
		F5F338C4BECA601BD4D54FB0 /* Copy Pods Resources */ = {
			isa = PBXShellScriptBuildPhase;
			buildActionMask = 2147483647;
			files = (
			);
			inputPaths = (
			);
			name = "Copy Pods Resources";
			outputPaths = (
			);
			runOnlyForDeploymentPostprocessing = 0;
			shellPath = /bin/sh;
			shellScript = "\"${SRCROOT}/Pods/Target Support Files/Pods-WorldClock/Pods-WorldClock-resources.sh\"\n";
			showEnvVarsInLog = 0;
		};
/* End PBXShellScriptBuildPhase section */

/* Begin PBXSourcesBuildPhase section */
		50B7B9291C7F22D6007060CB /* Sources */ = {
			isa = PBXSourcesBuildPhase;
			buildActionMask = 2147483647;
			files = (
				50B7B9331C7F22D6007060CB /* TodayViewController.m in Sources */,
			);
			runOnlyForDeploymentPostprocessing = 0;
		};
		50B7B9461C7F3CFC007060CB /* Sources */ = {
			isa = PBXSourcesBuildPhase;
			buildActionMask = 2147483647;
			files = (
				50B7B95D1C7F3E6C007060CB /* WCCity.m in Sources */,
				50B7B95A1C7F3D38007060CB /* WCController.m in Sources */,
			);
			runOnlyForDeploymentPostprocessing = 0;
		};
		AF64895A1C7B8F06008D788E /* Sources */ = {
			isa = PBXSourcesBuildPhase;
			buildActionMask = 2147483647;
			files = (
				AF6489661C7B8F06008D788E /* AppDelegate.m in Sources */,
				AF6489691C7B8F06008D788E /* MasterViewController.m in Sources */,
				AF6489631C7B8F06008D788E /* main.m in Sources */,
				AF64896C1C7B8F06008D788E /* DetailViewController.m in Sources */,
			);
			runOnlyForDeploymentPostprocessing = 0;
		};
		AF64898A1C7BBC19008D788E /* Sources */ = {
			isa = PBXSourcesBuildPhase;
			buildActionMask = 2147483647;
			files = (
				AF64899A1C7BBC19008D788E /* ExtensionDelegate.m in Sources */,
				AF6489971C7BBC19008D788E /* InterfaceController.m in Sources */,
				AF64899D1C7BBC19008D788E /* NotificationController.m in Sources */,
				AF6489A01C7BBC19008D788E /* GlanceController.m in Sources */,
				AF6489A31C7BBC19008D788E /* ComplicationController.m in Sources */,
			);
			runOnlyForDeploymentPostprocessing = 0;
		};
/* End PBXSourcesBuildPhase section */

/* Begin PBXTargetDependency section */
		50B7B9391C7F22D6007060CB /* PBXTargetDependency */ = {
			isa = PBXTargetDependency;
			target = 50B7B92C1C7F22D6007060CB /* widget */;
			targetProxy = 50B7B9381C7F22D6007060CB /* PBXContainerItemProxy */;
		};
		50B7B9511C7F3CFC007060CB /* PBXTargetDependency */ = {
			isa = PBXTargetDependency;
			target = 50B7B94A1C7F3CFC007060CB /* WorldClock */;
			targetProxy = 50B7B9501C7F3CFC007060CB /* PBXContainerItemProxy */;
		};
		AF6489911C7BBC19008D788E /* PBXTargetDependency */ = {
			isa = PBXTargetDependency;
			target = AF64898D1C7BBC19008D788E /* watch-app Extension */;
			targetProxy = AF6489901C7BBC19008D788E /* PBXContainerItemProxy */;
		};
		AF6489A81C7BBC19008D788E /* PBXTargetDependency */ = {
			isa = PBXTargetDependency;
			target = AF6489811C7BBC19008D788E /* watch-app */;
			targetProxy = AF6489A71C7BBC19008D788E /* PBXContainerItemProxy */;
		};
/* End PBXTargetDependency section */

/* Begin PBXVariantGroup section */
		50B7B9341C7F22D6007060CB /* MainInterface.storyboard */ = {
			isa = PBXVariantGroup;
			children = (
				50B7B9351C7F22D6007060CB /* Base */,
			);
			name = MainInterface.storyboard;
			sourceTree = "<group>";
		};
		AF64896D1C7B8F06008D788E /* Main.storyboard */ = {
			isa = PBXVariantGroup;
			children = (
				AF64896E1C7B8F06008D788E /* Base */,
			);
			name = Main.storyboard;
			path = "420-world-clock";
			sourceTree = "<group>";
		};
		AF6489721C7B8F06008D788E /* LaunchScreen.storyboard */ = {
			isa = PBXVariantGroup;
			children = (
				AF6489731C7B8F06008D788E /* Base */,
			);
			name = LaunchScreen.storyboard;
			path = "420-world-clock";
			sourceTree = "<group>";
		};
		AF6489841C7BBC19008D788E /* Interface.storyboard */ = {
			isa = PBXVariantGroup;
			children = (
				AF6489851C7BBC19008D788E /* Base */,
			);
			name = Interface.storyboard;
			sourceTree = "<group>";
		};
/* End PBXVariantGroup section */

/* Begin XCBuildConfiguration section */
		50B7B93C1C7F22D6007060CB /* Debug */ = {
			isa = XCBuildConfiguration;
			buildSettings = {
				INFOPLIST_FILE = widget/Info.plist;
				LD_RUNPATH_SEARCH_PATHS = "$(inherited) @executable_path/Frameworks @executable_path/../../Frameworks";
				PRODUCT_BUNDLE_IDENTIFIER = "peres.-20-world-clock.widget";
				PRODUCT_NAME = "$(TARGET_NAME)";
				SKIP_INSTALL = YES;
			};
			name = Debug;
		};
		50B7B93D1C7F22D6007060CB /* Release */ = {
			isa = XCBuildConfiguration;
			buildSettings = {
				INFOPLIST_FILE = widget/Info.plist;
				LD_RUNPATH_SEARCH_PATHS = "$(inherited) @executable_path/Frameworks @executable_path/../../Frameworks";
				PRODUCT_BUNDLE_IDENTIFIER = "peres.-20-world-clock.widget";
				PRODUCT_NAME = "$(TARGET_NAME)";
				SKIP_INSTALL = YES;
			};
			name = Release;
		};
		50B7B9551C7F3CFD007060CB /* Debug */ = {
			isa = XCBuildConfiguration;
			baseConfigurationReference = D75563342A273E5B24E43FC7 /* Pods-WorldClock.debug.xcconfig */;
			buildSettings = {
				CURRENT_PROJECT_VERSION = 1;
				DEFINES_MODULE = YES;
				DYLIB_COMPATIBILITY_VERSION = 1;
				DYLIB_CURRENT_VERSION = 1;
				DYLIB_INSTALL_NAME_BASE = "@rpath";
				INFOPLIST_FILE = WorldClock/Info.plist;
				INSTALL_PATH = "$(LOCAL_LIBRARY_DIR)/Frameworks";
				LD_RUNPATH_SEARCH_PATHS = "$(inherited) @executable_path/Frameworks @loader_path/Frameworks";
				PRODUCT_BUNDLE_IDENTIFIER = peres.WorldClock;
				PRODUCT_NAME = "$(TARGET_NAME)";
				SKIP_INSTALL = YES;
				VERSIONING_SYSTEM = "apple-generic";
				VERSION_INFO_PREFIX = "";
			};
			name = Debug;
		};
		50B7B9561C7F3CFD007060CB /* Release */ = {
			isa = XCBuildConfiguration;
			baseConfigurationReference = 2B374404E33F56E6380AB16F /* Pods-WorldClock.release.xcconfig */;
			buildSettings = {
				CURRENT_PROJECT_VERSION = 1;
				DEFINES_MODULE = YES;
				DYLIB_COMPATIBILITY_VERSION = 1;
				DYLIB_CURRENT_VERSION = 1;
				DYLIB_INSTALL_NAME_BASE = "@rpath";
				INFOPLIST_FILE = WorldClock/Info.plist;
				INSTALL_PATH = "$(LOCAL_LIBRARY_DIR)/Frameworks";
				LD_RUNPATH_SEARCH_PATHS = "$(inherited) @executable_path/Frameworks @loader_path/Frameworks";
				PRODUCT_BUNDLE_IDENTIFIER = peres.WorldClock;
				PRODUCT_NAME = "$(TARGET_NAME)";
				SKIP_INSTALL = YES;
				VERSIONING_SYSTEM = "apple-generic";
				VERSION_INFO_PREFIX = "";
			};
			name = Release;
		};
		AF6489761C7B8F06008D788E /* Debug */ = {
			isa = XCBuildConfiguration;
			buildSettings = {
				ALWAYS_SEARCH_USER_PATHS = NO;
				CLANG_CXX_LANGUAGE_STANDARD = "gnu++0x";
				CLANG_CXX_LIBRARY = "libc++";
				CLANG_ENABLE_MODULES = YES;
				CLANG_ENABLE_OBJC_ARC = YES;
				CLANG_WARN_BOOL_CONVERSION = YES;
				CLANG_WARN_CONSTANT_CONVERSION = YES;
				CLANG_WARN_DIRECT_OBJC_ISA_USAGE = YES_ERROR;
				CLANG_WARN_EMPTY_BODY = YES;
				CLANG_WARN_ENUM_CONVERSION = YES;
				CLANG_WARN_INT_CONVERSION = YES;
				CLANG_WARN_OBJC_ROOT_CLASS = YES_ERROR;
				CLANG_WARN_UNREACHABLE_CODE = YES;
				CLANG_WARN__DUPLICATE_METHOD_MATCH = YES;
				"CODE_SIGN_IDENTITY[sdk=iphoneos*]" = "iPhone Developer";
				COPY_PHASE_STRIP = NO;
				DEBUG_INFORMATION_FORMAT = dwarf;
				ENABLE_STRICT_OBJC_MSGSEND = YES;
				ENABLE_TESTABILITY = YES;
				GCC_C_LANGUAGE_STANDARD = gnu99;
				GCC_DYNAMIC_NO_PIC = NO;
				GCC_NO_COMMON_BLOCKS = YES;
				GCC_OPTIMIZATION_LEVEL = 0;
				GCC_PREPROCESSOR_DEFINITIONS = (
					"DEBUG=1",
					"$(inherited)",
				);
				GCC_WARN_64_TO_32_BIT_CONVERSION = YES;
				GCC_WARN_ABOUT_RETURN_TYPE = YES_ERROR;
				GCC_WARN_UNDECLARED_SELECTOR = YES;
				GCC_WARN_UNINITIALIZED_AUTOS = YES_AGGRESSIVE;
				GCC_WARN_UNUSED_FUNCTION = YES;
				GCC_WARN_UNUSED_VARIABLE = YES;
				IPHONEOS_DEPLOYMENT_TARGET = 9.2;
				MTL_ENABLE_DEBUG_INFO = YES;
				ONLY_ACTIVE_ARCH = YES;
				SDKROOT = iphoneos;
				TARGETED_DEVICE_FAMILY = "1,2";
			};
			name = Debug;
		};
		AF6489771C7B8F06008D788E /* Release */ = {
			isa = XCBuildConfiguration;
			buildSettings = {
				ALWAYS_SEARCH_USER_PATHS = NO;
				CLANG_CXX_LANGUAGE_STANDARD = "gnu++0x";
				CLANG_CXX_LIBRARY = "libc++";
				CLANG_ENABLE_MODULES = YES;
				CLANG_ENABLE_OBJC_ARC = YES;
				CLANG_WARN_BOOL_CONVERSION = YES;
				CLANG_WARN_CONSTANT_CONVERSION = YES;
				CLANG_WARN_DIRECT_OBJC_ISA_USAGE = YES_ERROR;
				CLANG_WARN_EMPTY_BODY = YES;
				CLANG_WARN_ENUM_CONVERSION = YES;
				CLANG_WARN_INT_CONVERSION = YES;
				CLANG_WARN_OBJC_ROOT_CLASS = YES_ERROR;
				CLANG_WARN_UNREACHABLE_CODE = YES;
				CLANG_WARN__DUPLICATE_METHOD_MATCH = YES;
				"CODE_SIGN_IDENTITY[sdk=iphoneos*]" = "iPhone Developer";
				COPY_PHASE_STRIP = NO;
				DEBUG_INFORMATION_FORMAT = "dwarf-with-dsym";
				ENABLE_NS_ASSERTIONS = NO;
				ENABLE_STRICT_OBJC_MSGSEND = YES;
				GCC_C_LANGUAGE_STANDARD = gnu99;
				GCC_NO_COMMON_BLOCKS = YES;
				GCC_WARN_64_TO_32_BIT_CONVERSION = YES;
				GCC_WARN_ABOUT_RETURN_TYPE = YES_ERROR;
				GCC_WARN_UNDECLARED_SELECTOR = YES;
				GCC_WARN_UNINITIALIZED_AUTOS = YES_AGGRESSIVE;
				GCC_WARN_UNUSED_FUNCTION = YES;
				GCC_WARN_UNUSED_VARIABLE = YES;
				IPHONEOS_DEPLOYMENT_TARGET = 9.2;
				MTL_ENABLE_DEBUG_INFO = NO;
				SDKROOT = iphoneos;
				TARGETED_DEVICE_FAMILY = "1,2";
				VALIDATE_PRODUCT = YES;
			};
			name = Release;
		};
		AF6489791C7B8F06008D788E /* Debug */ = {
			isa = XCBuildConfiguration;
			buildSettings = {
				ASSETCATALOG_COMPILER_APPICON_NAME = AppIcon;
				FRAMEWORK_SEARCH_PATHS = (
					"$(inherited)",
					"$(PROJECT_DIR)",
				);
				INFOPLIST_FILE = "420-world-clock/Info.plist";
				IPHONEOS_DEPLOYMENT_TARGET = 9.0;
				LD_RUNPATH_SEARCH_PATHS = "$(inherited) @executable_path/Frameworks";
				PRODUCT_BUNDLE_IDENTIFIER = "peres.-20-world-clock";
				PRODUCT_NAME = "$(TARGET_NAME)";
			};
			name = Debug;
		};
		AF64897A1C7B8F06008D788E /* Release */ = {
			isa = XCBuildConfiguration;
			buildSettings = {
				ASSETCATALOG_COMPILER_APPICON_NAME = AppIcon;
				FRAMEWORK_SEARCH_PATHS = (
					"$(inherited)",
					"$(PROJECT_DIR)",
				);
				INFOPLIST_FILE = "420-world-clock/Info.plist";
				IPHONEOS_DEPLOYMENT_TARGET = 9.0;
				LD_RUNPATH_SEARCH_PATHS = "$(inherited) @executable_path/Frameworks";
				PRODUCT_BUNDLE_IDENTIFIER = "peres.-20-world-clock";
				PRODUCT_NAME = "$(TARGET_NAME)";
			};
			name = Release;
		};
		AF6489AC1C7BBC19008D788E /* Debug */ = {
			isa = XCBuildConfiguration;
			buildSettings = {
				ASSETCATALOG_COMPILER_COMPLICATION_NAME = Complication;
				INFOPLIST_FILE = "watch-app Extension/Info.plist";
				LD_RUNPATH_SEARCH_PATHS = "$(inherited) @executable_path/Frameworks @executable_path/../../Frameworks";
				PRODUCT_BUNDLE_IDENTIFIER = "peres.-20-world-clock.watchkitapp.watchkitextension";
				PRODUCT_NAME = "${TARGET_NAME}";
				SDKROOT = watchos;
				SKIP_INSTALL = YES;
				TARGETED_DEVICE_FAMILY = 4;
				WATCHOS_DEPLOYMENT_TARGET = 2.1;
			};
			name = Debug;
		};
		AF6489AD1C7BBC19008D788E /* Release */ = {
			isa = XCBuildConfiguration;
			buildSettings = {
				ASSETCATALOG_COMPILER_COMPLICATION_NAME = Complication;
				INFOPLIST_FILE = "watch-app Extension/Info.plist";
				LD_RUNPATH_SEARCH_PATHS = "$(inherited) @executable_path/Frameworks @executable_path/../../Frameworks";
				PRODUCT_BUNDLE_IDENTIFIER = "peres.-20-world-clock.watchkitapp.watchkitextension";
				PRODUCT_NAME = "${TARGET_NAME}";
				SDKROOT = watchos;
				SKIP_INSTALL = YES;
				TARGETED_DEVICE_FAMILY = 4;
				WATCHOS_DEPLOYMENT_TARGET = 2.1;
			};
			name = Release;
		};
		AF6489B01C7BBC19008D788E /* Debug */ = {
			isa = XCBuildConfiguration;
			buildSettings = {
				ASSETCATALOG_COMPILER_APPICON_NAME = AppIcon;
				IBSC_MODULE = watch_app_Extension;
				INFOPLIST_FILE = "watch-app/Info.plist";
				PRODUCT_BUNDLE_IDENTIFIER = "peres.-20-world-clock.watchkitapp";
				PRODUCT_NAME = "$(TARGET_NAME)";
				SDKROOT = watchos;
				SKIP_INSTALL = YES;
				TARGETED_DEVICE_FAMILY = 4;
				WATCHOS_DEPLOYMENT_TARGET = 2.1;
			};
			name = Debug;
		};
		AF6489B11C7BBC19008D788E /* Release */ = {
			isa = XCBuildConfiguration;
			buildSettings = {
				ASSETCATALOG_COMPILER_APPICON_NAME = AppIcon;
				IBSC_MODULE = watch_app_Extension;
				INFOPLIST_FILE = "watch-app/Info.plist";
				PRODUCT_BUNDLE_IDENTIFIER = "peres.-20-world-clock.watchkitapp";
				PRODUCT_NAME = "$(TARGET_NAME)";
				SDKROOT = watchos;
				SKIP_INSTALL = YES;
				TARGETED_DEVICE_FAMILY = 4;
				WATCHOS_DEPLOYMENT_TARGET = 2.1;
			};
			name = Release;
		};
/* End XCBuildConfiguration section */

/* Begin XCConfigurationList section */
		50B7B93B1C7F22D6007060CB /* Build configuration list for PBXNativeTarget "widget" */ = {
			isa = XCConfigurationList;
			buildConfigurations = (
				50B7B93C1C7F22D6007060CB /* Debug */,
				50B7B93D1C7F22D6007060CB /* Release */,
			);
			defaultConfigurationIsVisible = 0;
			defaultConfigurationName = Release;
		};
		50B7B9541C7F3CFD007060CB /* Build configuration list for PBXNativeTarget "WorldClock" */ = {
			isa = XCConfigurationList;
			buildConfigurations = (
				50B7B9551C7F3CFD007060CB /* Debug */,
				50B7B9561C7F3CFD007060CB /* Release */,
			);
			defaultConfigurationIsVisible = 0;
			defaultConfigurationName = Release;
		};
		AF6489591C7B8F06008D788E /* Build configuration list for PBXProject "420-world-clock" */ = {
			isa = XCConfigurationList;
			buildConfigurations = (
				AF6489761C7B8F06008D788E /* Debug */,
				AF6489771C7B8F06008D788E /* Release */,
			);
			defaultConfigurationIsVisible = 0;
			defaultConfigurationName = Release;
		};
		AF6489781C7B8F06008D788E /* Build configuration list for PBXNativeTarget "420-world-clock" */ = {
			isa = XCConfigurationList;
			buildConfigurations = (
				AF6489791C7B8F06008D788E /* Debug */,
				AF64897A1C7B8F06008D788E /* Release */,
			);
			defaultConfigurationIsVisible = 0;
			defaultConfigurationName = Release;
		};
		AF6489AB1C7BBC19008D788E /* Build configuration list for PBXNativeTarget "watch-app Extension" */ = {
			isa = XCConfigurationList;
			buildConfigurations = (
				AF6489AC1C7BBC19008D788E /* Debug */,
				AF6489AD1C7BBC19008D788E /* Release */,
			);
			defaultConfigurationIsVisible = 0;
			defaultConfigurationName = Release;
		};
		AF6489AF1C7BBC19008D788E /* Build configuration list for PBXNativeTarget "watch-app" */ = {
			isa = XCConfigurationList;
			buildConfigurations = (
				AF6489B01C7BBC19008D788E /* Debug */,
				AF6489B11C7BBC19008D788E /* Release */,
			);
			defaultConfigurationIsVisible = 0;
			defaultConfigurationName = Release;
		};
/* End XCConfigurationList section */
	};
	rootObject = AF6489561C7B8F06008D788E /* Project object */;
}
